<?xml version="1.0" encoding="utf-8"?>
<Project ToolsVersion="4.0" xmlns="http://schemas.microsoft.com/developer/msbuild/2003">
  <ItemGroup>
    <Filter Include="소스 파일">
      <UniqueIdentifier>{4FC737F1-C7A5-4376-A066-2A32D752A2FF}</UniqueIdentifier>
      <Extensions>cpp;c;cc;cxx;def;odl;idl;hpj;bat;asm;asmx</Extensions>
    </Filter>
    <Filter Include="헤더 파일">
      <UniqueIdentifier>{93995380-89BD-4b04-88EB-625FBE52EBFB}</UniqueIdentifier>
      <Extensions>h;hpp;hxx;hm;inl;inc;xsd</Extensions>
    </Filter>
    <Filter Include="리소스 파일">
      <UniqueIdentifier>{67DA6AB6-F800-4c08-8B7A-83BB121AAD01}</UniqueIdentifier>
      <Extensions>rc;ico;cur;bmp;dlg;rc2;rct;bin;rgs;gif;jpg;jpeg;jpe;resx;tiff;tif;png;wav;mfcribbon-ms</Extensions>
    </Filter>
  </ItemGroup>
  <ItemGroup>
    <ClCompile Include="odyssey.cpp">
      <Filter>소스 파일</Filter>
    </ClCompile>
    <ClCompile Include="Basic.cpp">
      <Filter>소스 파일</Filter>
    </ClCompile>
    <ClCompile Include="Digital.cpp">
      <Filter>소스 파일</Filter>
    </ClCompile>
    <ClCompile Include="Barrier.cpp">
      <Filter>소스 파일</Filter>
    </ClCompile>
    <ClCompile Include="BinaryBarrier.cpp">
      <Filter>소스 파일</Filter>
    </ClCompile>
    <ClCompile Include="StepDownA.cpp">
      <Filter>소스 파일</Filter>
    </ClCompile>
    <ClCompile Include="TwoAssetDigital.cpp">
      <Filter>소스 파일</Filter>
    </ClCompile>
    <ClCompile Include="StepDownB.cpp">
      <Filter>소스 파일</Filter>
    </ClCompile>
    <ClCompile Include="CliquetA.cpp">
      <Filter>소스 파일</Filter>
    </ClCompile>
    <ClCompile Include="ZeroBond.cpp">
      <Filter>소스 파일</Filter>
    </ClCompile>
    <ClCompile Include="StepDownCDB.cpp">
      <Filter>소스 파일</Filter>
    </ClCompile>
    <ClCompile Include="StepDownCDA.cpp">
      <Filter>소스 파일</Filter>
    </ClCompile>
    <ClCompile Include="FRN.cpp">
      <Filter>소스 파일</Filter>
    </ClCompile>
    <ClCompile Include="odysseyRandom.cpp">
      <Filter>소스 파일</Filter>
    </ClCompile>
    <ClCompile Include="HStepDownB.cpp">
      <Filter>소스 파일</Filter>
    </ClCompile>
    <ClCompile Include="RStepUpA.cpp">
      <Filter>소스 파일</Filter>
    </ClCompile>
    <ClCompile Include="StepDownCPA.cpp">
      <Filter>소스 파일</Filter>
    </ClCompile>
    <ClCompile Include="RStepUpCDA.cpp">
      <Filter>소스 파일</Filter>
    </ClCompile>
    <ClCompile Include="StepDownCPCDA.cpp">
      <Filter>소스 파일</Filter>
    </ClCompile>
    <ClCompile Include="StepDownCPB.cpp">
      <Filter>소스 파일</Filter>
    </ClCompile>
    <ClCompile Include="StepDownCPCDB.cpp">
      <Filter>소스 파일</Filter>
    </ClCompile>
    <ClCompile Include="StepDownCTB.cpp">
      <Filter>소스 파일</Filter>
    </ClCompile>
    <ClCompile Include="StepDownCTCDB.cpp">
      <Filter>소스 파일</Filter>
    </ClCompile>
    <ClCompile Include="StepDownBCB.cpp">
      <Filter>소스 파일</Filter>
    </ClCompile>
    <ClCompile Include="StepDownBCCDB.cpp">
      <Filter>소스 파일</Filter>
    </ClCompile>
    <ClCompile Include="StabilityA.cpp">
      <Filter>소스 파일</Filter>
    </ClCompile>
    <ClCompile Include="AirbagStepDownB.cpp">
      <Filter>소스 파일</Filter>
    </ClCompile>
    <ClCompile Include="LizardStepDownB.cpp">
      <Filter>소스 파일</Filter>
    </ClCompile>
    <ClCompile Include="BarrierB.cpp">
      <Filter>소스 파일</Filter>
    </ClCompile>
    <ClCompile Include="PlainB.cpp">
      <Filter>소스 파일</Filter>
    </ClCompile>
    <ClCompile Include="StepDownC.cpp">
      <Filter>소스 파일</Filter>
    </ClCompile>
    <ClCompile Include="StepDownCDC.cpp">
      <Filter>소스 파일</Filter>
    </ClCompile>
    <ClCompile Include="StepDownCPC.cpp">
      <Filter>소스 파일</Filter>
    </ClCompile>
    <ClCompile Include="StepDownCPCDC.cpp">
      <Filter>소스 파일</Filter>
    </ClCompile>
    <ClCompile Include="TomA.cpp">
      <Filter>소스 파일</Filter>
    </ClCompile>
    <ClCompile Include="TomCDA.cpp">
      <Filter>소스 파일</Filter>
    </ClCompile>
    <ClCompile Include="VBStepDownA.cpp">
      <Filter>소스 파일</Filter>
    </ClCompile>
    <ClCompile Include="VBStepDownCDA.cpp">
      <Filter>소스 파일</Filter>
    </ClCompile>
    <ClCompile Include="VBStepDownB.cpp">
      <Filter>소스 파일</Filter>
    </ClCompile>
    <ClCompile Include="VBStepDownCDB.cpp">
      <Filter>소스 파일</Filter>
    </ClCompile>
    <ClCompile Include="Plain.cpp">
      <Filter>소스 파일</Filter>
    </ClCompile>
    <ClCompile Include="mcPlain.cpp">
      <Filter>소스 파일</Filter>
    </ClCompile>
    <ClCompile Include="Plainq.cpp">
      <Filter>소스 파일</Filter>
    </ClCompile>
  </ItemGroup>
  <ItemGroup>
    <ClInclude Include="odyssey.h">
      <Filter>헤더 파일</Filter>
    </ClInclude>
    <ClInclude Include="Basic.h">
      <Filter>헤더 파일</Filter>
    </ClInclude>
    <ClInclude Include="Plain.h">
      <Filter>헤더 파일</Filter>
    </ClInclude>
    <ClInclude Include="Digital.h">
      <Filter>헤더 파일</Filter>
    </ClInclude>
    <ClInclude Include="Barrier.h">
      <Filter>헤더 파일</Filter>
    </ClInclude>
    <ClInclude Include="BinaryBarrier.h">
      <Filter>헤더 파일</Filter>
    </ClInclude>
    <ClInclude Include="StepDownA.h">
      <Filter>헤더 파일</Filter>
    </ClInclude>
    <ClInclude Include="TwoAssetDigital.h">
      <Filter>헤더 파일</Filter>
    </ClInclude>
    <ClInclude Include="StepDownB.h">
      <Filter>헤더 파일</Filter>
    </ClInclude>
    <ClInclude Include="CliquetA.h">
      <Filter>헤더 파일</Filter>
    </ClInclude>
    <ClInclude Include="ZeroBond.h">
      <Filter>헤더 파일</Filter>
    </ClInclude>
    <ClInclude Include="StepDownCDB.h">
      <Filter>헤더 파일</Filter>
    </ClInclude>
    <ClInclude Include="StepDownCDA.h">
      <Filter>헤더 파일</Filter>
    </ClInclude>
    <ClInclude Include="FRN.h">
      <Filter>헤더 파일</Filter>
    </ClInclude>
    <ClInclude Include="odysseyRandom.h">
      <Filter>헤더 파일</Filter>
    </ClInclude>
    <ClInclude Include="HStepDownB.h">
      <Filter>헤더 파일</Filter>
    </ClInclude>
    <ClInclude Include="RStepUpA.h">
      <Filter>헤더 파일</Filter>
    </ClInclude>
    <ClInclude Include="StepDownCPA.h">
      <Filter>헤더 파일</Filter>
    </ClInclude>
    <ClInclude Include="RStepUpCDA.h">
      <Filter>헤더 파일</Filter>
    </ClInclude>
    <ClInclude Include="StepDownCPCDA.h">
      <Filter>헤더 파일</Filter>
    </ClInclude>
    <ClInclude Include="StepDownCPB.h">
      <Filter>헤더 파일</Filter>
    </ClInclude>
    <ClInclude Include="StepDownCPCDB.h">
      <Filter>헤더 파일</Filter>
    </ClInclude>
    <ClInclude Include="StepDownCTB.h">
      <Filter>헤더 파일</Filter>
    </ClInclude>
    <ClInclude Include="StepDownCTCDB.h">
      <Filter>헤더 파일</Filter>
    </ClInclude>
    <ClInclude Include="StepDownBCB.h">
      <Filter>헤더 파일</Filter>
    </ClInclude>
    <ClInclude Include="StepDownBCCDB.h">
      <Filter>헤더 파일</Filter>
    </ClInclude>
    <ClInclude Include="StabilityA.h">
      <Filter>헤더 파일</Filter>
    </ClInclude>
    <ClInclude Include="AirbagStepDownB.h">
      <Filter>헤더 파일</Filter>
    </ClInclude>
    <ClInclude Include="LizardStepDownB.h">
      <Filter>헤더 파일</Filter>
    </ClInclude>
    <ClInclude Include="BarrierB.h">
      <Filter>헤더 파일</Filter>
    </ClInclude>
    <ClInclude Include="PlainB.h">
      <Filter>헤더 파일</Filter>
    </ClInclude>
    <ClInclude Include="StepDownC.h">
      <Filter>헤더 파일</Filter>
    </ClInclude>
    <ClInclude Include="StepDownCDC.h">
      <Filter>헤더 파일</Filter>
    </ClInclude>
    <ClInclude Include="StepDownCPC.h">
      <Filter>헤더 파일</Filter>
    </ClInclude>
    <ClInclude Include="StepDownCPCDC.h">
      <Filter>헤더 파일</Filter>
    </ClInclude>
    <ClInclude Include="TomA.h">
      <Filter>헤더 파일</Filter>
    </ClInclude>
    <ClInclude Include="TomCDA.h">
      <Filter>헤더 파일</Filter>
    </ClInclude>
    <ClInclude Include="VBStepDownA.h">
      <Filter>헤더 파일</Filter>
    </ClInclude>
    <ClInclude Include="VBStepDownCDA.h">
      <Filter>헤더 파일</Filter>
    </ClInclude>
    <ClInclude Include="VBStepDownB.h">
      <Filter>헤더 파일</Filter>
    </ClInclude>
    <ClInclude Include="VBStepDownCDB.h">
      <Filter>헤더 파일</Filter>
    </ClInclude>
    <ClInclude Include="mcPlain.h">
      <Filter>헤더 파일</Filter>
    </ClInclude>
    <ClInclude Include="Plainq.h">
      <Filter>헤더 파일</Filter>
    </ClInclude>
    <ClInclude Include="Thread.h">
      <Filter>헤더 파일</Filter>
    </ClInclude>
  </ItemGroup>
  <ItemGroup>
    <None Include="odyssey.def">
      <Filter>소스 파일</Filter>
    </None>
  </ItemGroup>
</Project>